// !$*UTF8*$!
{
	archiveVersion = 1;
	classes = {
	};
	objectVersion = 70;
	objects = {

/* Begin PBXBuildFile section */
		8A524F5E2C4D225100C53ADB /* ZIPFoundation in Frameworks */ = {isa = PBXBuildFile; productRef = 8A524F5D2C4D225100C53ADB /* ZIPFoundation */; };
		8A524F672C4E1CE400C53ADB /* WhisperKit in Frameworks */ = {isa = PBXBuildFile; productRef = 8A524F662C4E1CE400C53ADB /* WhisperKit */; };
		8AC92E432C4CE1EC008CC0B9 /* StableDiffusion in Frameworks */ = {isa = PBXBuildFile; productRef = 8AC92E422C4CE1EC008CC0B9 /* StableDiffusion */; };
		8AE5B4352C07C06100CE893D /* README.md in Resources */ = {isa = PBXBuildFile; fileRef = 8AE5B4342C07C06100CE893D /* README.md */; };
		8AF4998B2BF5FDDE001EE586 /* OpenAI in Frameworks */ = {isa = PBXBuildFile; productRef = 8AF4998A2BF5FDDE001EE586 /* OpenAI */; };
		8AF9CFF52C098EC00050F693 /* llama in Frameworks */ = {isa = PBXBuildFile; productRef = 8AF9CFF42C098EC00050F693 /* llama */; };
/* End PBXBuildFile section */

/* Begin PBXContainerItemProxy section */
		8AF4996A2BF5F9C3001EE586 /* PBXContainerItemProxy */ = {
			isa = PBXContainerItemProxy;
			containerPortal = 8AF499502BF5F9C1001EE586 /* Project object */;
			proxyType = 1;
			remoteGlobalIDString = 8AF499572BF5F9C1001EE586;
			remoteInfo = "iOS-GenAI-Sampler";
		};
/* End PBXContainerItemProxy section */

/* Begin PBXFileReference section */
		8AE5B4342C07C06100CE893D /* README.md */ = {isa = PBXFileReference; fileEncoding = 4; lastKnownFileType = net.daringfireball.markdown; path = README.md; sourceTree = "<group>"; };
		8AF499582BF5F9C1001EE586 /* iOS-GenAI-Sampler.app */ = {isa = PBXFileReference; explicitFileType = wrapper.application; includeInIndex = 0; path = "iOS-GenAI-Sampler.app"; sourceTree = BUILT_PRODUCTS_DIR; };
		8AF499692BF5F9C3001EE586 /* iOS-GenAI-SamplerTests.xctest */ = {isa = PBXFileReference; explicitFileType = wrapper.cfbundle; includeInIndex = 0; path = "iOS-GenAI-SamplerTests.xctest"; sourceTree = BUILT_PRODUCTS_DIR; };
/* End PBXFileReference section */

/* Begin PBXFileSystemSynchronizedBuildFileExceptionSet section */
		8A74A3CC2E77CA9A0072A2EE /* PBXFileSystemSynchronizedBuildFileExceptionSet */ = {
			isa = PBXFileSystemSynchronizedBuildFileExceptionSet;
			membershipExceptions = (
				APIKey.sample.swift,
			);
			target = 8AF499572BF5F9C1001EE586 /* iOS-GenAI-Sampler */;
		};
/* End PBXFileSystemSynchronizedBuildFileExceptionSet section */

/* Begin PBXFileSystemSynchronizedRootGroup section */
		8A74A3592E77C98F0072A2EE /* iOS-GenAI-SamplerTests */ = {isa = PBXFileSystemSynchronizedRootGroup; explicitFileTypes = {}; explicitFolders = (); path = "iOS-GenAI-SamplerTests"; sourceTree = "<group>"; };
		8A74A39B2E77CA9A0072A2EE /* iOS-GenAI-Sampler */ = {isa = PBXFileSystemSynchronizedRootGroup; exceptions = (8A74A3CC2E77CA9A0072A2EE /* PBXFileSystemSynchronizedBuildFileExceptionSet */, ); explicitFileTypes = {}; explicitFolders = (); path = "iOS-GenAI-Sampler"; sourceTree = "<group>"; };
/* End PBXFileSystemSynchronizedRootGroup section */

/* Begin PBXFrameworksBuildPhase section */
		8AF499552BF5F9C1001EE586 /* Frameworks */ = {
			isa = PBXFrameworksBuildPhase;
			buildActionMask = 2147483647;
			files = (
				8AF9CFF52C098EC00050F693 /* llama in Frameworks */,
				8AC92E432C4CE1EC008CC0B9 /* StableDiffusion in Frameworks */,
				8A524F672C4E1CE400C53ADB /* WhisperKit in Frameworks */,
				8AF4998B2BF5FDDE001EE586 /* OpenAI in Frameworks */,
				8A524F5E2C4D225100C53ADB /* ZIPFoundation in Frameworks */,
			);
			runOnlyForDeploymentPostprocessing = 0;
		};
		8AF499662BF5F9C3001EE586 /* Frameworks */ = {
			isa = PBXFrameworksBuildPhase;
			buildActionMask = 2147483647;
			files = (
			);
			runOnlyForDeploymentPostprocessing = 0;
		};
/* End PBXFrameworksBuildPhase section */

/* Begin PBXGroup section */
		8AF4994F2BF5F9C1001EE586 = {
			isa = PBXGroup;
			children = (
				8AE5B4342C07C06100CE893D /* README.md */,
				8A74A39B2E77CA9A0072A2EE /* iOS-GenAI-Sampler */,
				8A74A3592E77C98F0072A2EE /* iOS-GenAI-SamplerTests */,
				8AF499592BF5F9C1001EE586 /* Products */,
				8AF499892BF5FDDE001EE586 /* Frameworks */,
			);
			sourceTree = "<group>";
		};
		8AF499592BF5F9C1001EE586 /* Products */ = {
			isa = PBXGroup;
			children = (
				8AF499582BF5F9C1001EE586 /* iOS-GenAI-Sampler.app */,
				8AF499692BF5F9C3001EE586 /* iOS-GenAI-SamplerTests.xctest */,
			);
			name = Products;
			sourceTree = "<group>";
		};
		8AF499892BF5FDDE001EE586 /* Frameworks */ = {
			isa = PBXGroup;
			children = (
			);
			name = Frameworks;
			sourceTree = "<group>";
		};
/* End PBXGroup section */

/* Begin PBXNativeTarget section */
		8AF499572BF5F9C1001EE586 /* iOS-GenAI-Sampler */ = {
			isa = PBXNativeTarget;
			buildConfigurationList = 8AF4997D2BF5F9C3001EE586 /* Build configuration list for PBXNativeTarget "iOS-GenAI-Sampler" */;
			buildPhases = (
				8AF499542BF5F9C1001EE586 /* Sources */,
				8AF499552BF5F9C1001EE586 /* Frameworks */,
				8AF499562BF5F9C1001EE586 /* Resources */,
			);
			buildRules = (
			);
			dependencies = (
			);
			fileSystemSynchronizedGroups = (
				8A74A39B2E77CA9A0072A2EE /* iOS-GenAI-Sampler */,
			);
			name = "iOS-GenAI-Sampler";
			packageProductDependencies = (
				8AF4998A2BF5FDDE001EE586 /* OpenAI */,
				8AF9CFF42C098EC00050F693 /* llama */,
				8AC92E422C4CE1EC008CC0B9 /* StableDiffusion */,
				8A524F5D2C4D225100C53ADB /* ZIPFoundation */,
				8A524F662C4E1CE400C53ADB /* WhisperKit */,
			);
			productName = "iOS-GenAI-Sampler";
			productReference = 8AF499582BF5F9C1001EE586 /* iOS-GenAI-Sampler.app */;
			productType = "com.apple.product-type.application";
		};
		8AF499682BF5F9C3001EE586 /* iOS-GenAI-SamplerTests */ = {
			isa = PBXNativeTarget;
			buildConfigurationList = 8AF499802BF5F9C3001EE586 /* Build configuration list for PBXNativeTarget "iOS-GenAI-SamplerTests" */;
			buildPhases = (
				8AF499652BF5F9C3001EE586 /* Sources */,
				8AF499662BF5F9C3001EE586 /* Frameworks */,
				8AF499672BF5F9C3001EE586 /* Resources */,
			);
			buildRules = (
			);
			dependencies = (
				8AF4996B2BF5F9C3001EE586 /* PBXTargetDependency */,
			);
			fileSystemSynchronizedGroups = (
				8A74A3592E77C98F0072A2EE /* iOS-GenAI-SamplerTests */,
			);
			name = "iOS-GenAI-SamplerTests";
			productName = "iOS-GenAI-SamplerTests";
			productReference = 8AF499692BF5F9C3001EE586 /* iOS-GenAI-SamplerTests.xctest */;
			productType = "com.apple.product-type.bundle.unit-test";
		};
/* End PBXNativeTarget section */

/* Begin PBXProject section */
		8AF499502BF5F9C1001EE586 /* Project object */ = {
			isa = PBXProject;
			attributes = {
				BuildIndependentTargetsInParallel = 1;
				LastSwiftUpdateCheck = 1530;
				LastUpgradeCheck = 1540;
				TargetAttributes = {
					8AF499572BF5F9C1001EE586 = {
						CreatedOnToolsVersion = 15.3;
					};
					8AF499682BF5F9C3001EE586 = {
						CreatedOnToolsVersion = 15.3;
						TestTargetID = 8AF499572BF5F9C1001EE586;
					};
				};
			};
			buildConfigurationList = 8AF499532BF5F9C1001EE586 /* Build configuration list for PBXProject "iOS-GenAI-Sampler" */;
			compatibilityVersion = "Xcode 15.0";
			developmentRegion = en;
			hasScannedForEncodings = 0;
			knownRegions = (
				en,
				Base,
			);
			mainGroup = 8AF4994F2BF5F9C1001EE586;
			packageReferences = (
				8AF499862BF5FC47001EE586 /* XCRemoteSwiftPackageReference "OpenAI" */,
				8AF9CFF32C098EC00050F693 /* XCRemoteSwiftPackageReference "llama" */,
				8AC92E412C4CE1EC008CC0B9 /* XCRemoteSwiftPackageReference "ml-stable-diffusion" */,
				8A524F5C2C4D225100C53ADB /* XCRemoteSwiftPackageReference "ZIPFoundation" */,
				8A524F652C4E1CE400C53ADB /* XCRemoteSwiftPackageReference "WhisperKit" */,
			);
			productRefGroup = 8AF499592BF5F9C1001EE586 /* Products */;
			projectDirPath = "";
			projectRoot = "";
			targets = (
				8AF499572BF5F9C1001EE586 /* iOS-GenAI-Sampler */,
				8AF499682BF5F9C3001EE586 /* iOS-GenAI-SamplerTests */,
			);
		};
/* End PBXProject section */

/* Begin PBXResourcesBuildPhase section */
		8AF499562BF5F9C1001EE586 /* Resources */ = {
			isa = PBXResourcesBuildPhase;
			buildActionMask = 2147483647;
			files = (
				8AE5B4352C07C06100CE893D /* README.md in Resources */,
			);
			runOnlyForDeploymentPostprocessing = 0;
		};
		8AF499672BF5F9C3001EE586 /* Resources */ = {
			isa = PBXResourcesBuildPhase;
			buildActionMask = 2147483647;
			files = (
			);
			runOnlyForDeploymentPostprocessing = 0;
		};
/* End PBXResourcesBuildPhase section */

/* Begin PBXSourcesBuildPhase section */
		8AF499542BF5F9C1001EE586 /* Sources */ = {
			isa = PBXSourcesBuildPhase;
			buildActionMask = 2147483647;
			files = (
			);
			runOnlyForDeploymentPostprocessing = 0;
		};
		8AF499652BF5F9C3001EE586 /* Sources */ = {
			isa = PBXSourcesBuildPhase;
			buildActionMask = 2147483647;
			files = (
			);
			runOnlyForDeploymentPostprocessing = 0;
		};
/* End PBXSourcesBuildPhase section */

/* Begin PBXTargetDependency section */
		8AF4996B2BF5F9C3001EE586 /* PBXTargetDependency */ = {
			isa = PBXTargetDependency;
			target = 8AF499572BF5F9C1001EE586 /* iOS-GenAI-Sampler */;
			targetProxy = 8AF4996A2BF5F9C3001EE586 /* PBXContainerItemProxy */;
		};
/* End PBXTargetDependency section */

/* Begin XCBuildConfiguration section */
		8AF4997B2BF5F9C3001EE586 /* Debug */ = {
			isa = XCBuildConfiguration;
			buildSettings = {
				ALWAYS_SEARCH_USER_PATHS = NO;
				ASSETCATALOG_COMPILER_GENERATE_SWIFT_ASSET_SYMBOL_EXTENSIONS = YES;
				CLANG_ANALYZER_NONNULL = YES;
				CLANG_ANALYZER_NUMBER_OBJECT_CONVERSION = YES_AGGRESSIVE;
				CLANG_CXX_LANGUAGE_STANDARD = "gnu++20";
				CLANG_ENABLE_MODULES = YES;
				CLANG_ENABLE_OBJC_ARC = YES;
				CLANG_ENABLE_OBJC_WEAK = YES;
				CLANG_WARN_BLOCK_CAPTURE_AUTORELEASING = YES;
				CLANG_WARN_BOOL_CONVERSION = YES;
				CLANG_WARN_COMMA = YES;
				CLANG_WARN_CONSTANT_CONVERSION = YES;
				CLANG_WARN_DEPRECATED_OBJC_IMPLEMENTATIONS = YES;
				CLANG_WARN_DIRECT_OBJC_ISA_USAGE = YES_ERROR;
				CLANG_WARN_DOCUMENTATION_COMMENTS = YES;
				CLANG_WARN_EMPTY_BODY = YES;
				CLANG_WARN_ENUM_CONVERSION = YES;
				CLANG_WARN_INFINITE_RECURSION = YES;
				CLANG_WARN_INT_CONVERSION = YES;
				CLANG_WARN_NON_LITERAL_NULL_CONVERSION = YES;
				CLANG_WARN_OBJC_IMPLICIT_RETAIN_SELF = YES;
				CLANG_WARN_OBJC_LITERAL_CONVERSION = YES;
				CLANG_WARN_OBJC_ROOT_CLASS = YES_ERROR;
				CLANG_WARN_QUOTED_INCLUDE_IN_FRAMEWORK_HEADER = YES;
				CLANG_WARN_RANGE_LOOP_ANALYSIS = YES;
				CLANG_WARN_STRICT_PROTOTYPES = YES;
				CLANG_WARN_SUSPICIOUS_MOVE = YES;
				CLANG_WARN_UNGUARDED_AVAILABILITY = YES_AGGRESSIVE;
				CLANG_WARN_UNREACHABLE_CODE = YES;
				CLANG_WARN__DUPLICATE_METHOD_MATCH = YES;
				COPY_PHASE_STRIP = NO;
				DEAD_CODE_STRIPPING = YES;
				DEBUG_INFORMATION_FORMAT = dwarf;
				ENABLE_STRICT_OBJC_MSGSEND = YES;
				ENABLE_TESTABILITY = YES;
				ENABLE_USER_SCRIPT_SANDBOXING = YES;
				GCC_C_LANGUAGE_STANDARD = gnu17;
				GCC_DYNAMIC_NO_PIC = NO;
				GCC_NO_COMMON_BLOCKS = YES;
				GCC_OPTIMIZATION_LEVEL = 0;
				GCC_PREPROCESSOR_DEFINITIONS = (
					"DEBUG=1",
					"$(inherited)",
				);
				GCC_WARN_64_TO_32_BIT_CONVERSION = YES;
				GCC_WARN_ABOUT_RETURN_TYPE = YES_ERROR;
				GCC_WARN_UNDECLARED_SELECTOR = YES;
				GCC_WARN_UNINITIALIZED_AUTOS = YES_AGGRESSIVE;
				GCC_WARN_UNUSED_FUNCTION = YES;
				GCC_WARN_UNUSED_VARIABLE = YES;
				LOCALIZATION_PREFERS_STRING_CATALOGS = YES;
				MTL_ENABLE_DEBUG_INFO = INCLUDE_SOURCE;
				MTL_FAST_MATH = YES;
				ONLY_ACTIVE_ARCH = YES;
				SWIFT_ACTIVE_COMPILATION_CONDITIONS = "DEBUG $(inherited)";
				SWIFT_OPTIMIZATION_LEVEL = "-Onone";
			};
			name = Debug;
		};
		8AF4997C2BF5F9C3001EE586 /* Release */ = {
			isa = XCBuildConfiguration;
			buildSettings = {
				ALWAYS_SEARCH_USER_PATHS = NO;
				ASSETCATALOG_COMPILER_GENERATE_SWIFT_ASSET_SYMBOL_EXTENSIONS = YES;
				CLANG_ANALYZER_NONNULL = YES;
				CLANG_ANALYZER_NUMBER_OBJECT_CONVERSION = YES_AGGRESSIVE;
				CLANG_CXX_LANGUAGE_STANDARD = "gnu++20";
				CLANG_ENABLE_MODULES = YES;
				CLANG_ENABLE_OBJC_ARC = YES;
				CLANG_ENABLE_OBJC_WEAK = YES;
				CLANG_WARN_BLOCK_CAPTURE_AUTORELEASING = YES;
				CLANG_WARN_BOOL_CONVERSION = YES;
				CLANG_WARN_COMMA = YES;
				CLANG_WARN_CONSTANT_CONVERSION = YES;
				CLANG_WARN_DEPRECATED_OBJC_IMPLEMENTATIONS = YES;
				CLANG_WARN_DIRECT_OBJC_ISA_USAGE = YES_ERROR;
				CLANG_WARN_DOCUMENTATION_COMMENTS = YES;
				CLANG_WARN_EMPTY_BODY = YES;
				CLANG_WARN_ENUM_CONVERSION = YES;
				CLANG_WARN_INFINITE_RECURSION = YES;
				CLANG_WARN_INT_CONVERSION = YES;
				CLANG_WARN_NON_LITERAL_NULL_CONVERSION = YES;
				CLANG_WARN_OBJC_IMPLICIT_RETAIN_SELF = YES;
				CLANG_WARN_OBJC_LITERAL_CONVERSION = YES;
				CLANG_WARN_OBJC_ROOT_CLASS = YES_ERROR;
				CLANG_WARN_QUOTED_INCLUDE_IN_FRAMEWORK_HEADER = YES;
				CLANG_WARN_RANGE_LOOP_ANALYSIS = YES;
				CLANG_WARN_STRICT_PROTOTYPES = YES;
				CLANG_WARN_SUSPICIOUS_MOVE = YES;
				CLANG_WARN_UNGUARDED_AVAILABILITY = YES_AGGRESSIVE;
				CLANG_WARN_UNREACHABLE_CODE = YES;
				CLANG_WARN__DUPLICATE_METHOD_MATCH = YES;
				COPY_PHASE_STRIP = NO;
				DEAD_CODE_STRIPPING = YES;
				DEBUG_INFORMATION_FORMAT = "dwarf-with-dsym";
				ENABLE_NS_ASSERTIONS = NO;
				ENABLE_STRICT_OBJC_MSGSEND = YES;
				ENABLE_USER_SCRIPT_SANDBOXING = YES;
				GCC_C_LANGUAGE_STANDARD = gnu17;
				GCC_NO_COMMON_BLOCKS = YES;
				GCC_WARN_64_TO_32_BIT_CONVERSION = YES;
				GCC_WARN_ABOUT_RETURN_TYPE = YES_ERROR;
				GCC_WARN_UNDECLARED_SELECTOR = YES;
				GCC_WARN_UNINITIALIZED_AUTOS = YES_AGGRESSIVE;
				GCC_WARN_UNUSED_FUNCTION = YES;
				GCC_WARN_UNUSED_VARIABLE = YES;
				LOCALIZATION_PREFERS_STRING_CATALOGS = YES;
				MTL_ENABLE_DEBUG_INFO = NO;
				MTL_FAST_MATH = YES;
				SWIFT_COMPILATION_MODE = wholemodule;
			};
			name = Release;
		};
		8AF4997E2BF5F9C3001EE586 /* Debug */ = {
			isa = XCBuildConfiguration;
			buildSettings = {
				ASSETCATALOG_COMPILER_APPICON_NAME = AppIcon;
				ASSETCATALOG_COMPILER_GLOBAL_ACCENT_COLOR_NAME = AccentColor;
				CODE_SIGN_ENTITLEMENTS = "iOS-GenAI-Sampler/iOS_GenAI_Sampler.entitlements";
				CODE_SIGN_STYLE = Automatic;
				CURRENT_PROJECT_VERSION = 1;
				DEAD_CODE_STRIPPING = YES;
				DEVELOPMENT_ASSET_PATHS = "\"iOS-GenAI-Sampler/Preview Content\"";
				DEVELOPMENT_TEAM = 9Z86A4AWDE;
				ENABLE_HARDENED_RUNTIME = YES;
				ENABLE_PREVIEWS = YES;
				GENERATE_INFOPLIST_FILE = YES;
				INFOPLIST_KEY_NSCameraUsageDescription = hogehogehoge;
				INFOPLIST_KEY_NSMicrophoneUsageDescription = hogehogehoge;
				"INFOPLIST_KEY_UIApplicationSceneManifest_Generation[sdk=iphoneos*]" = YES;
				"INFOPLIST_KEY_UIApplicationSceneManifest_Generation[sdk=iphonesimulator*]" = YES;
				"INFOPLIST_KEY_UIApplicationSupportsIndirectInputEvents[sdk=iphoneos*]" = YES;
				"INFOPLIST_KEY_UIApplicationSupportsIndirectInputEvents[sdk=iphonesimulator*]" = YES;
				"INFOPLIST_KEY_UILaunchScreen_Generation[sdk=iphoneos*]" = YES;
				"INFOPLIST_KEY_UILaunchScreen_Generation[sdk=iphonesimulator*]" = YES;
				"INFOPLIST_KEY_UIStatusBarStyle[sdk=iphoneos*]" = UIStatusBarStyleDefault;
				"INFOPLIST_KEY_UIStatusBarStyle[sdk=iphonesimulator*]" = UIStatusBarStyleDefault;
				INFOPLIST_KEY_UISupportedInterfaceOrientations_iPad = "UIInterfaceOrientationPortrait UIInterfaceOrientationPortraitUpsideDown UIInterfaceOrientationLandscapeLeft UIInterfaceOrientationLandscapeRight";
				INFOPLIST_KEY_UISupportedInterfaceOrientations_iPhone = "UIInterfaceOrientationPortrait UIInterfaceOrientationLandscapeLeft UIInterfaceOrientationLandscapeRight";
				IPHONEOS_DEPLOYMENT_TARGET = 17.4;
				LD_RUNPATH_SEARCH_PATHS = "@executable_path/Frameworks";
				"LD_RUNPATH_SEARCH_PATHS[sdk=macosx*]" = "@executable_path/../Frameworks";
				MACOSX_DEPLOYMENT_TARGET = 14.3;
				MARKETING_VERSION = 1.0;
				PRODUCT_BUNDLE_IDENTIFIER = "com.shu223.iOS-GenAI-Sampler";
				PRODUCT_NAME = "$(TARGET_NAME)";
				SDKROOT = auto;
				SUPPORTED_PLATFORMS = "iphoneos iphonesimulator macosx";
				SWIFT_EMIT_LOC_STRINGS = YES;
				SWIFT_VERSION = 5.0;
				TARGETED_DEVICE_FAMILY = "1,2";
			};
			name = Debug;
		};
		8AF4997F2BF5F9C3001EE586 /* Release */ = {
			isa = XCBuildConfiguration;
			buildSettings = {
				ASSETCATALOG_COMPILER_APPICON_NAME = AppIcon;
				ASSETCATALOG_COMPILER_GLOBAL_ACCENT_COLOR_NAME = AccentColor;
				CODE_SIGN_ENTITLEMENTS = "iOS-GenAI-Sampler/iOS_GenAI_Sampler.entitlements";
				CODE_SIGN_STYLE = Automatic;
				CURRENT_PROJECT_VERSION = 1;
				DEAD_CODE_STRIPPING = YES;
				DEVELOPMENT_ASSET_PATHS = "\"iOS-GenAI-Sampler/Preview Content\"";
				DEVELOPMENT_TEAM = 9Z86A4AWDE;
				ENABLE_HARDENED_RUNTIME = YES;
				ENABLE_PREVIEWS = YES;
				GENERATE_INFOPLIST_FILE = YES;
				INFOPLIST_KEY_NSCameraUsageDescription = hogehogehoge;
				INFOPLIST_KEY_NSMicrophoneUsageDescription = hogehogehoge;
				"INFOPLIST_KEY_UIApplicationSceneManifest_Generation[sdk=iphoneos*]" = YES;
				"INFOPLIST_KEY_UIApplicationSceneManifest_Generation[sdk=iphonesimulator*]" = YES;
				"INFOPLIST_KEY_UIApplicationSupportsIndirectInputEvents[sdk=iphoneos*]" = YES;
				"INFOPLIST_KEY_UIApplicationSupportsIndirectInputEvents[sdk=iphonesimulator*]" = YES;
				"INFOPLIST_KEY_UILaunchScreen_Generation[sdk=iphoneos*]" = YES;
				"INFOPLIST_KEY_UILaunchScreen_Generation[sdk=iphonesimulator*]" = YES;
				"INFOPLIST_KEY_UIStatusBarStyle[sdk=iphoneos*]" = UIStatusBarStyleDefault;
				"INFOPLIST_KEY_UIStatusBarStyle[sdk=iphonesimulator*]" = UIStatusBarStyleDefault;
				INFOPLIST_KEY_UISupportedInterfaceOrientations_iPad = "UIInterfaceOrientationPortrait UIInterfaceOrientationPortraitUpsideDown UIInterfaceOrientationLandscapeLeft UIInterfaceOrientationLandscapeRight";
				INFOPLIST_KEY_UISupportedInterfaceOrientations_iPhone = "UIInterfaceOrientationPortrait UIInterfaceOrientationLandscapeLeft UIInterfaceOrientationLandscapeRight";
				IPHONEOS_DEPLOYMENT_TARGET = 17.4;
				LD_RUNPATH_SEARCH_PATHS = "@executable_path/Frameworks";
				"LD_RUNPATH_SEARCH_PATHS[sdk=macosx*]" = "@executable_path/../Frameworks";
				MACOSX_DEPLOYMENT_TARGET = 14.3;
				MARKETING_VERSION = 1.0;
				PRODUCT_BUNDLE_IDENTIFIER = "com.shu223.iOS-GenAI-Sampler";
				PRODUCT_NAME = "$(TARGET_NAME)";
				SDKROOT = auto;
				SUPPORTED_PLATFORMS = "iphoneos iphonesimulator macosx";
				SWIFT_EMIT_LOC_STRINGS = YES;
				SWIFT_VERSION = 5.0;
				TARGETED_DEVICE_FAMILY = "1,2";
			};
			name = Release;
		};
		8AF499812BF5F9C3001EE586 /* Debug */ = {
			isa = XCBuildConfiguration;
			buildSettings = {
				BUNDLE_LOADER = "$(TEST_HOST)";
				CODE_SIGN_STYLE = Automatic;
				CURRENT_PROJECT_VERSION = 1;
				DEAD_CODE_STRIPPING = YES;
				DEVELOPMENT_TEAM = 9Z86A4AWDE;
				GENERATE_INFOPLIST_FILE = YES;
				IPHONEOS_DEPLOYMENT_TARGET = 17.4;
				MACOSX_DEPLOYMENT_TARGET = 14.3;
				MARKETING_VERSION = 1.0;
				PRODUCT_BUNDLE_IDENTIFIER = "com.shu223.iOS-GenAI-SamplerTests";
				PRODUCT_NAME = "$(TARGET_NAME)";
				SDKROOT = auto;
				SUPPORTED_PLATFORMS = "iphoneos iphonesimulator macosx";
				SWIFT_EMIT_LOC_STRINGS = NO;
				SWIFT_VERSION = 5.0;
				TARGETED_DEVICE_FAMILY = "1,2";
				TEST_HOST = "$(BUILT_PRODUCTS_DIR)/iOS-GenAI-Sampler.app/$(BUNDLE_EXECUTABLE_FOLDER_PATH)/iOS-GenAI-Sampler";
			};
			name = Debug;
		};
		8AF499822BF5F9C3001EE586 /* Release */ = {
			isa = XCBuildConfiguration;
			buildSettings = {
				BUNDLE_LOADER = "$(TEST_HOST)";
				CODE_SIGN_STYLE = Automatic;
				CURRENT_PROJECT_VERSION = 1;
				DEAD_CODE_STRIPPING = YES;
				DEVELOPMENT_TEAM = 9Z86A4AWDE;
				GENERATE_INFOPLIST_FILE = YES;
				IPHONEOS_DEPLOYMENT_TARGET = 17.4;
				MACOSX_DEPLOYMENT_TARGET = 14.3;
				MARKETING_VERSION = 1.0;
				PRODUCT_BUNDLE_IDENTIFIER = "com.shu223.iOS-GenAI-SamplerTests";
				PRODUCT_NAME = "$(TARGET_NAME)";
				SDKROOT = auto;
				SUPPORTED_PLATFORMS = "iphoneos iphonesimulator macosx";
				SWIFT_EMIT_LOC_STRINGS = NO;
				SWIFT_VERSION = 5.0;
				TARGETED_DEVICE_FAMILY = "1,2";
				TEST_HOST = "$(BUILT_PRODUCTS_DIR)/iOS-GenAI-Sampler.app/$(BUNDLE_EXECUTABLE_FOLDER_PATH)/iOS-GenAI-Sampler";
			};
			name = Release;
		};
/* End XCBuildConfiguration section */

/* Begin XCConfigurationList section */
		8AF499532BF5F9C1001EE586 /* Build configuration list for PBXProject "iOS-GenAI-Sampler" */ = {
			isa = XCConfigurationList;
			buildConfigurations = (
				8AF4997B2BF5F9C3001EE586 /* Debug */,
				8AF4997C2BF5F9C3001EE586 /* Release */,
			);
			defaultConfigurationIsVisible = 0;
			defaultConfigurationName = Release;
		};
		8AF4997D2BF5F9C3001EE586 /* Build configuration list for PBXNativeTarget "iOS-GenAI-Sampler" */ = {
			isa = XCConfigurationList;
			buildConfigurations = (
				8AF4997E2BF5F9C3001EE586 /* Debug */,
				8AF4997F2BF5F9C3001EE586 /* Release */,
			);
			defaultConfigurationIsVisible = 0;
			defaultConfigurationName = Release;
		};
		8AF499802BF5F9C3001EE586 /* Build configuration list for PBXNativeTarget "iOS-GenAI-SamplerTests" */ = {
			isa = XCConfigurationList;
			buildConfigurations = (
				8AF499812BF5F9C3001EE586 /* Debug */,
				8AF499822BF5F9C3001EE586 /* Release */,
			);
			defaultConfigurationIsVisible = 0;
			defaultConfigurationName = Release;
		};
/* End XCConfigurationList section */

/* Begin XCRemoteSwiftPackageReference section */
		8A524F5C2C4D225100C53ADB /* XCRemoteSwiftPackageReference "ZIPFoundation" */ = {
			isa = XCRemoteSwiftPackageReference;
			repositoryURL = "https://github.com/weichsel/ZIPFoundation";
			requirement = {
				kind = upToNextMajorVersion;
				minimumVersion = 0.9.19;
			};
		};
		8A524F652C4E1CE400C53ADB /* XCRemoteSwiftPackageReference "WhisperKit" */ = {
			isa = XCRemoteSwiftPackageReference;
			repositoryURL = "https://github.com/argmaxinc/WhisperKit";
			requirement = {
				kind = upToNextMajorVersion;
				minimumVersion = 0.10.0;
			};
		};
		8AC92E412C4CE1EC008CC0B9 /* XCRemoteSwiftPackageReference "ml-stable-diffusion" */ = {
			isa = XCRemoteSwiftPackageReference;
			repositoryURL = "https://github.com/apple/ml-stable-diffusion";
			requirement = {
				kind = upToNextMajorVersion;
				minimumVersion = 1.1.1;
			};
		};
		8AF499862BF5FC47001EE586 /* XCRemoteSwiftPackageReference "OpenAI" */ = {
			isa = XCRemoteSwiftPackageReference;
			repositoryURL = "https://github.com/MacPaw/OpenAI";
			requirement = {
				kind = upToNextMajorVersion;
				minimumVersion = 0.4.6;
			};
		};
		8AF9CFF32C098EC00050F693 /* XCRemoteSwiftPackageReference "llama" */ = {
			isa = XCRemoteSwiftPackageReference;
			repositoryURL = "https://github.com/ggerganov/llama.cpp";
			requirement = {
				kind = revision;
				revision = 0541f06296753dbc59a57379eb54cec865a4c9f9;
			};
		};
/* End XCRemoteSwiftPackageReference section */

/* Begin XCSwiftPackageProductDependency section */
		8A524F5D2C4D225100C53ADB /* ZIPFoundation */ = {
			isa = XCSwiftPackageProductDependency;
			package = 8A524F5C2C4D225100C53ADB /* XCRemoteSwiftPackageReference "ZIPFoundation" */;
			productName = ZIPFoundation;
		};
		8A524F662C4E1CE400C53ADB /* WhisperKit */ = {
			isa = XCSwiftPackageProductDependency;
			package = 8A524F652C4E1CE400C53ADB /* XCRemoteSwiftPackageReference "WhisperKit" */;
			productName = WhisperKit;
		};
		8AC92E422C4CE1EC008CC0B9 /* StableDiffusion */ = {
			isa = XCSwiftPackageProductDependency;
			package = 8AC92E412C4CE1EC008CC0B9 /* XCRemoteSwiftPackageReference "ml-stable-diffusion" */;
			productName = StableDiffusion;
		};
		8AF4998A2BF5FDDE001EE586 /* OpenAI */ = {
			isa = XCSwiftPackageProductDependency;
			package = 8AF499862BF5FC47001EE586 /* XCRemoteSwiftPackageReference "OpenAI" */;
			productName = OpenAI;
		};
		8AF9CFF42C098EC00050F693 /* llama */ = {
			isa = XCSwiftPackageProductDependency;
			package = 8AF9CFF32C098EC00050F693 /* XCRemoteSwiftPackageReference "llama" */;
			productName = llama;
		};
/* End XCSwiftPackageProductDependency section */
	};
	rootObject = 8AF499502BF5F9C1001EE586 /* Project object */;
}
