{
  "originHash" : "c351aabe13067917247f7926404d096603b95663248b51124280feb61a2edf30",
  "pins" : [
    {
      "identity" : "openai",
      "kind" : "remoteSourceControl",
      "location" : "https://github.com/MacPaw/OpenAI",
      "state" : {
        "revision" : "fd13a41e987004d14f1793c570721953a2767b03",
        "version" : "0.2.9"
      }
    }
  ],
  "version" : 3
}
